// !$*UTF8*$!
{
	archiveVersion = 1;
	classes = {
	};
	objectVersion = 50;
	objects = {

/* Begin PBXBuildFile section */
		8D26F2B626357F7700E99EF8 /* test.xml in CopyFiles */ = {isa = PBXBuildFile; fileRef = 8D4540F226357E7C00C6CE36 /* test.xml */; };
		8D4540E426357D0800C6CE36 /* main.cpp in Sources */ = {isa = PBXBuildFile; fileRef = 8D4540E326357D0800C6CE36 /* main.cpp */; };
		8D4540F426357E7C00C6CE36 /* XmlDoc.cpp in Sources */ = {isa = PBXBuildFile; fileRef = 8D4540EE26357E7B00C6CE36 /* XmlDoc.cpp */; };
		8D4540F526357E7C00C6CE36 /* XmlElement.cpp in Sources */ = {isa = PBXBuildFile; fileRef = 8D4540F026357E7C00C6CE36 /* XmlElement.cpp */; };
		8D4540F626357E7C00C6CE36 /* Lexer.cpp in Sources */ = {isa = PBXBuildFile; fileRef = 8D4540F126357E7C00C6CE36 /* Lexer.cpp */; };
		8D9C52A8263A00750009B5A8 /* StateMachine.cpp in Sources */ = {isa = PBXBuildFile; fileRef = 8D9C5294263A00750009B5A8 /* StateMachine.cpp */; };
		8D9C52A9263A00750009B5A8 /* StackedCondition.cpp in Sources */ = {isa = PBXBuildFile; fileRef = 8D9C5296263A00750009B5A8 /* StackedCondition.cpp */; };
		8D9C52AA263A00750009B5A8 /* BaseCondition.cpp in Sources */ = {isa = PBXBuildFile; fileRef = 8D9C5298263A00750009B5A8 /* BaseCondition.cpp */; };
		8D9C52AB263A00750009B5A8 /* BaseState.cpp in Sources */ = {isa = PBXBuildFile; fileRef = 8D9C529A263A00750009B5A8 /* BaseState.cpp */; };
		8D9C52AC263A00750009B5A8 /* Dispatcher.cpp in Sources */ = {isa = PBXBuildFile; fileRef = 8D9C52A2263A00750009B5A8 /* Dispatcher.cpp */; };
		8D9C52AD263A00750009B5A8 /* Time.cpp in Sources */ = {isa = PBXBuildFile; fileRef = 8D9C52A7263A00750009B5A8 /* Time.cpp */; };
/* End PBXBuildFile section */

/* Begin PBXCopyFilesBuildPhase section */
		8D26F2B526357F6400E99EF8 /* CopyFiles */ = {
			isa = PBXCopyFilesBuildPhase;
			buildActionMask = 2147483647;
			dstPath = "";
			dstSubfolderSpec = 7;
			files = (
				8D26F2B626357F7700E99EF8 /* test.xml in CopyFiles */,
			);
			runOnlyForDeploymentPostprocessing = 0;
		};
		8D4540DE26357D0800C6CE36 /* CopyFiles */ = {
			isa = PBXCopyFilesBuildPhase;
			buildActionMask = 2147483647;
			dstPath = /usr/share/man/man1/;
			dstSubfolderSpec = 0;
			files = (
			);
			runOnlyForDeploymentPostprocessing = 1;
		};
/* End PBXCopyFilesBuildPhase section */

/* Begin PBXFileReference section */
		8D4540E026357D0800C6CE36 /* MoonUI */ = {isa = PBXFileReference; explicitFileType = "compiled.mach-o.executable"; includeInIndex = 0; path = MoonUI; sourceTree = BUILT_PRODUCTS_DIR; };
		8D4540E326357D0800C6CE36 /* main.cpp */ = {isa = PBXFileReference; lastKnownFileType = sourcecode.cpp.cpp; path = main.cpp; sourceTree = "<group>"; };
		8D4540EB26357E7B00C6CE36 /* XmlElement.hpp */ = {isa = PBXFileReference; fileEncoding = 4; lastKnownFileType = sourcecode.cpp.h; path = XmlElement.hpp; sourceTree = "<group>"; };
		8D4540EC26357E7B00C6CE36 /* XmlDoc.hpp */ = {isa = PBXFileReference; fileEncoding = 4; lastKnownFileType = sourcecode.cpp.h; path = XmlDoc.hpp; sourceTree = "<group>"; };
		8D4540EE26357E7B00C6CE36 /* XmlDoc.cpp */ = {isa = PBXFileReference; fileEncoding = 4; lastKnownFileType = sourcecode.cpp.cpp; path = XmlDoc.cpp; sourceTree = "<group>"; };
		8D4540EF26357E7C00C6CE36 /* Lexer.hpp */ = {isa = PBXFileReference; fileEncoding = 4; lastKnownFileType = sourcecode.cpp.h; path = Lexer.hpp; sourceTree = "<group>"; };
		8D4540F026357E7C00C6CE36 /* XmlElement.cpp */ = {isa = PBXFileReference; fileEncoding = 4; lastKnownFileType = sourcecode.cpp.cpp; path = XmlElement.cpp; sourceTree = "<group>"; };
		8D4540F126357E7C00C6CE36 /* Lexer.cpp */ = {isa = PBXFileReference; fileEncoding = 4; lastKnownFileType = sourcecode.cpp.cpp; path = Lexer.cpp; sourceTree = "<group>"; };
		8D4540F226357E7C00C6CE36 /* test.xml */ = {isa = PBXFileReference; fileEncoding = 4; lastKnownFileType = text.xml; path = test.xml; sourceTree = "<group>"; };
		8D9C5292263A00750009B5A8 /* Time.h */ = {isa = PBXFileReference; fileEncoding = 4; lastKnownFileType = sourcecode.c.h; path = Time.h; sourceTree = "<group>"; };
		8D9C5294263A00750009B5A8 /* StateMachine.cpp */ = {isa = PBXFileReference; fileEncoding = 4; lastKnownFileType = sourcecode.cpp.cpp; path = StateMachine.cpp; sourceTree = "<group>"; };
		8D9C5295263A00750009B5A8 /* StateMachine.h */ = {isa = PBXFileReference; fileEncoding = 4; lastKnownFileType = sourcecode.c.h; path = StateMachine.h; sourceTree = "<group>"; };
		8D9C5296263A00750009B5A8 /* StackedCondition.cpp */ = {isa = PBXFileReference; fileEncoding = 4; lastKnownFileType = sourcecode.cpp.cpp; path = StackedCondition.cpp; sourceTree = "<group>"; };
		8D9C5297263A00750009B5A8 /* BaseCondition.h */ = {isa = PBXFileReference; fileEncoding = 4; lastKnownFileType = sourcecode.c.h; path = BaseCondition.h; sourceTree = "<group>"; };
		8D9C5298263A00750009B5A8 /* BaseCondition.cpp */ = {isa = PBXFileReference; fileEncoding = 4; lastKnownFileType = sourcecode.cpp.cpp; path = BaseCondition.cpp; sourceTree = "<group>"; };
		8D9C5299263A00750009B5A8 /* BaseState.h */ = {isa = PBXFileReference; fileEncoding = 4; lastKnownFileType = sourcecode.c.h; path = BaseState.h; sourceTree = "<group>"; };
		8D9C529A263A00750009B5A8 /* BaseState.cpp */ = {isa = PBXFileReference; fileEncoding = 4; lastKnownFileType = sourcecode.cpp.cpp; path = BaseState.cpp; sourceTree = "<group>"; };
		8D9C529B263A00750009B5A8 /* StackedCondition.h */ = {isa = PBXFileReference; fileEncoding = 4; lastKnownFileType = sourcecode.c.h; path = StackedCondition.h; sourceTree = "<group>"; };
		8D9C529D263A00750009B5A8 /* Macros.h */ = {isa = PBXFileReference; fileEncoding = 4; lastKnownFileType = sourcecode.c.h; path = Macros.h; sourceTree = "<group>"; };
		8D9C529F263A00750009B5A8 /* Event.h */ = {isa = PBXFileReference; fileEncoding = 4; lastKnownFileType = sourcecode.c.h; path = Event.h; sourceTree = "<group>"; };
		8D9C52A0263A00750009B5A8 /* GlobalEvents.h */ = {isa = PBXFileReference; fileEncoding = 4; lastKnownFileType = sourcecode.c.h; path = GlobalEvents.h; sourceTree = "<group>"; };
		8D9C52A1263A00750009B5A8 /* Dispatcher.h */ = {isa = PBXFileReference; fileEncoding = 4; lastKnownFileType = sourcecode.c.h; path = Dispatcher.h; sourceTree = "<group>"; };
		8D9C52A2263A00750009B5A8 /* Dispatcher.cpp */ = {isa = PBXFileReference; fileEncoding = 4; lastKnownFileType = sourcecode.cpp.cpp; path = Dispatcher.cpp; sourceTree = "<group>"; };
		8D9C52A4263A00750009B5A8 /* Updatable.h */ = {isa = PBXFileReference; fileEncoding = 4; lastKnownFileType = sourcecode.c.h; path = Updatable.h; sourceTree = "<group>"; };
		8D9C52A6263A00750009B5A8 /* Logger.h */ = {isa = PBXFileReference; fileEncoding = 4; lastKnownFileType = sourcecode.c.h; path = Logger.h; sourceTree = "<group>"; };
		8D9C52A7263A00750009B5A8 /* Time.cpp */ = {isa = PBXFileReference; fileEncoding = 4; lastKnownFileType = sourcecode.cpp.cpp; path = Time.cpp; sourceTree = "<group>"; };
/* End PBXFileReference section */

/* Begin PBXFrameworksBuildPhase section */
		8D4540DD26357D0800C6CE36 /* Frameworks */ = {
			isa = PBXFrameworksBuildPhase;
			buildActionMask = 2147483647;
			files = (
			);
			runOnlyForDeploymentPostprocessing = 0;
		};
/* End PBXFrameworksBuildPhase section */

/* Begin PBXGroup section */
		8D26F2B326357F0000E99EF8 /* XmlParser */ = {
			isa = PBXGroup;
			children = (
				8D4540F126357E7C00C6CE36 /* Lexer.cpp */,
				8D4540EF26357E7C00C6CE36 /* Lexer.hpp */,
				8D4540EE26357E7B00C6CE36 /* XmlDoc.cpp */,
				8D4540EC26357E7B00C6CE36 /* XmlDoc.hpp */,
				8D4540F026357E7C00C6CE36 /* XmlElement.cpp */,
				8D4540EB26357E7B00C6CE36 /* XmlElement.hpp */,
			);
			path = XmlParser;
			sourceTree = "<group>";
		};
		8D4540D726357D0800C6CE36 = {
			isa = PBXGroup;
			children = (
				8D4540E226357D0800C6CE36 /* MoonUI */,
				8D4540E126357D0800C6CE36 /* Products */,
			);
			sourceTree = "<group>";
			usesTabs = 1;
		};
		8D4540E126357D0800C6CE36 /* Products */ = {
			isa = PBXGroup;
			children = (
				8D4540E026357D0800C6CE36 /* MoonUI */,
			);
			name = Products;
			sourceTree = "<group>";
		};
		8D4540E226357D0800C6CE36 /* MoonUI */ = {
			isa = PBXGroup;
			children = (
				8D9C528F2639FFD60009B5A8 /* src */,
				8D4540F226357E7C00C6CE36 /* test.xml */,
			);
			path = MoonUI;
			sourceTree = "<group>";
			usesTabs = 1;
		};
		8D9C528F2639FFD60009B5A8 /* src */ = {
			isa = PBXGroup;
			children = (
				8D9C5291263A00750009B5A8 /* Utils */,
				8D4540E326357D0800C6CE36 /* main.cpp */,
				8D26F2B326357F0000E99EF8 /* XmlParser */,
			);
			path = src;
			sourceTree = "<group>";
		};
		8D9C5291263A00750009B5A8 /* Utils */ = {
			isa = PBXGroup;
			children = (
				8D9C5292263A00750009B5A8 /* Time.h */,
				8D9C5293263A00750009B5A8 /* StateMachine */,
				8D9C529C263A00750009B5A8 /* Macros */,
				8D9C529E263A00750009B5A8 /* Events */,
				8D9C52A3263A00750009B5A8 /* Systems */,
				8D9C52A5263A00750009B5A8 /* Logging */,
				8D9C52A7263A00750009B5A8 /* Time.cpp */,
			);
			path = Utils;
			sourceTree = "<group>";
		};
		8D9C5293263A00750009B5A8 /* StateMachine */ = {
			isa = PBXGroup;
			children = (
				8D9C5294263A00750009B5A8 /* StateMachine.cpp */,
				8D9C5295263A00750009B5A8 /* StateMachine.h */,
				8D9C5296263A00750009B5A8 /* StackedCondition.cpp */,
				8D9C5297263A00750009B5A8 /* BaseCondition.h */,
				8D9C5298263A00750009B5A8 /* BaseCondition.cpp */,
				8D9C5299263A00750009B5A8 /* BaseState.h */,
				8D9C529A263A00750009B5A8 /* BaseState.cpp */,
				8D9C529B263A00750009B5A8 /* StackedCondition.h */,
			);
			path = StateMachine;
			sourceTree = "<group>";
		};
		8D9C529C263A00750009B5A8 /* Macros */ = {
			isa = PBXGroup;
			children = (
				8D9C529D263A00750009B5A8 /* Macros.h */,
			);
			path = Macros;
			sourceTree = "<group>";
		};
		8D9C529E263A00750009B5A8 /* Events */ = {
			isa = PBXGroup;
			children = (
				8D9C529F263A00750009B5A8 /* Event.h */,
				8D9C52A0263A00750009B5A8 /* GlobalEvents.h */,
				8D9C52A1263A00750009B5A8 /* Dispatcher.h */,
				8D9C52A2263A00750009B5A8 /* Dispatcher.cpp */,
			);
			path = Events;
			sourceTree = "<group>";
		};
		8D9C52A3263A00750009B5A8 /* Systems */ = {
			isa = PBXGroup;
			children = (
				8D9C52A4263A00750009B5A8 /* Updatable.h */,
			);
			path = Systems;
			sourceTree = "<group>";
		};
		8D9C52A5263A00750009B5A8 /* Logging */ = {
			isa = PBXGroup;
			children = (
				8D9C52A6263A00750009B5A8 /* Logger.h */,
			);
			path = Logging;
			sourceTree = "<group>";
		};
/* End PBXGroup section */

/* Begin PBXNativeTarget section */
		8D4540DF26357D0800C6CE36 /* MoonUI */ = {
			isa = PBXNativeTarget;
			buildConfigurationList = 8D4540E726357D0800C6CE36 /* Build configuration list for PBXNativeTarget "MoonUI" */;
			buildPhases = (
				8D4540DC26357D0800C6CE36 /* Sources */,
				8D4540DD26357D0800C6CE36 /* Frameworks */,
				8D4540DE26357D0800C6CE36 /* CopyFiles */,
				8D26F2B526357F6400E99EF8 /* CopyFiles */,
			);
			buildRules = (
			);
			dependencies = (
			);
			name = MoonUI;
			productName = MoonUI;
			productReference = 8D4540E026357D0800C6CE36 /* MoonUI */;
			productType = "com.apple.product-type.tool";
		};
/* End PBXNativeTarget section */

/* Begin PBXProject section */
		8D4540D826357D0800C6CE36 /* Project object */ = {
			isa = PBXProject;
			attributes = {
				LastUpgradeCheck = 1210;
				TargetAttributes = {
					8D4540DF26357D0800C6CE36 = {
						CreatedOnToolsVersion = 12.1;
					};
				};
			};
			buildConfigurationList = 8D4540DB26357D0800C6CE36 /* Build configuration list for PBXProject "MoonUI" */;
			compatibilityVersion = "Xcode 9.3";
			developmentRegion = en;
			hasScannedForEncodings = 0;
			knownRegions = (
				en,
				Base,
			);
			mainGroup = 8D4540D726357D0800C6CE36;
			productRefGroup = 8D4540E126357D0800C6CE36 /* Products */;
			projectDirPath = "";
			projectRoot = "";
			targets = (
				8D4540DF26357D0800C6CE36 /* MoonUI */,
			);
		};
/* End PBXProject section */

/* Begin PBXSourcesBuildPhase section */
		8D4540DC26357D0800C6CE36 /* Sources */ = {
			isa = PBXSourcesBuildPhase;
			buildActionMask = 2147483647;
			files = (
				8D4540F426357E7C00C6CE36 /* XmlDoc.cpp in Sources */,
				8D9C52A8263A00750009B5A8 /* StateMachine.cpp in Sources */,
				8D9C52AB263A00750009B5A8 /* BaseState.cpp in Sources */,
				8D4540F526357E7C00C6CE36 /* XmlElement.cpp in Sources */,
				8D9C52AD263A00750009B5A8 /* Time.cpp in Sources */,
				8D4540E426357D0800C6CE36 /* main.cpp in Sources */,
				8D4540F626357E7C00C6CE36 /* Lexer.cpp in Sources */,
				8D9C52AC263A00750009B5A8 /* Dispatcher.cpp in Sources */,
				8D9C52A9263A00750009B5A8 /* StackedCondition.cpp in Sources */,
				8D9C52AA263A00750009B5A8 /* BaseCondition.cpp in Sources */,
			);
			runOnlyForDeploymentPostprocessing = 0;
		};
/* End PBXSourcesBuildPhase section */

/* Begin XCBuildConfiguration section */
		8D4540E526357D0800C6CE36 /* Debug */ = {
			isa = XCBuildConfiguration;
			buildSettings = {
				ALWAYS_SEARCH_USER_PATHS = NO;
				CLANG_ANALYZER_NONNULL = YES;
				CLANG_ANALYZER_NUMBER_OBJECT_CONVERSION = YES_AGGRESSIVE;
				CLANG_CXX_LANGUAGE_STANDARD = "c++17";
				CLANG_CXX_LIBRARY = "libc++";
				CLANG_ENABLE_MODULES = YES;
				CLANG_ENABLE_OBJC_ARC = YES;
				CLANG_ENABLE_OBJC_WEAK = YES;
				CLANG_WARN_BLOCK_CAPTURE_AUTORELEASING = YES;
				CLANG_WARN_BOOL_CONVERSION = YES;
				CLANG_WARN_COMMA = YES;
				CLANG_WARN_CONSTANT_CONVERSION = YES;
				CLANG_WARN_DEPRECATED_OBJC_IMPLEMENTATIONS = YES;
				CLANG_WARN_DIRECT_OBJC_ISA_USAGE = YES_ERROR;
				CLANG_WARN_DOCUMENTATION_COMMENTS = YES;
				CLANG_WARN_EMPTY_BODY = YES;
				CLANG_WARN_ENUM_CONVERSION = YES;
				CLANG_WARN_INFINITE_RECURSION = YES;
				CLANG_WARN_INT_CONVERSION = YES;
				CLANG_WARN_NON_LITERAL_NULL_CONVERSION = YES;
				CLANG_WARN_OBJC_IMPLICIT_RETAIN_SELF = YES;
				CLANG_WARN_OBJC_LITERAL_CONVERSION = YES;
				CLANG_WARN_OBJC_ROOT_CLASS = YES_ERROR;
				CLANG_WARN_QUOTED_INCLUDE_IN_FRAMEWORK_HEADER = YES;
				CLANG_WARN_RANGE_LOOP_ANALYSIS = YES;
				CLANG_WARN_STRICT_PROTOTYPES = YES;
				CLANG_WARN_SUSPICIOUS_MOVE = YES;
				CLANG_WARN_UNGUARDED_AVAILABILITY = YES_AGGRESSIVE;
				CLANG_WARN_UNREACHABLE_CODE = YES;
				CLANG_WARN__DUPLICATE_METHOD_MATCH = YES;
				COPY_PHASE_STRIP = NO;
				DEBUG_INFORMATION_FORMAT = dwarf;
				ENABLE_STRICT_OBJC_MSGSEND = YES;
				ENABLE_TESTABILITY = YES;
				GCC_C_LANGUAGE_STANDARD = gnu11;
				GCC_DYNAMIC_NO_PIC = NO;
				GCC_NO_COMMON_BLOCKS = YES;
				GCC_OPTIMIZATION_LEVEL = 0;
				GCC_PREPROCESSOR_DEFINITIONS = (
					"DEBUG=1",
					"$(inherited)",
				);
				GCC_WARN_64_TO_32_BIT_CONVERSION = YES;
				GCC_WARN_ABOUT_RETURN_TYPE = YES_ERROR;
				GCC_WARN_UNDECLARED_SELECTOR = YES;
				GCC_WARN_UNINITIALIZED_AUTOS = YES_AGGRESSIVE;
				GCC_WARN_UNUSED_FUNCTION = YES;
				GCC_WARN_UNUSED_VARIABLE = YES;
				MACOSX_DEPLOYMENT_TARGET = 10.15;
				MTL_ENABLE_DEBUG_INFO = INCLUDE_SOURCE;
				MTL_FAST_MATH = YES;
				ONLY_ACTIVE_ARCH = YES;
				SDKROOT = macosx;
			};
			name = Debug;
		};
		8D4540E626357D0800C6CE36 /* Release */ = {
			isa = XCBuildConfiguration;
			buildSettings = {
				ALWAYS_SEARCH_USER_PATHS = NO;
				CLANG_ANALYZER_NONNULL = YES;
				CLANG_ANALYZER_NUMBER_OBJECT_CONVERSION = YES_AGGRESSIVE;
				CLANG_CXX_LANGUAGE_STANDARD = "c++17";
				CLANG_CXX_LIBRARY = "libc++";
				CLANG_ENABLE_MODULES = YES;
				CLANG_ENABLE_OBJC_ARC = YES;
				CLANG_ENABLE_OBJC_WEAK = YES;
				CLANG_WARN_BLOCK_CAPTURE_AUTORELEASING = YES;
				CLANG_WARN_BOOL_CONVERSION = YES;
				CLANG_WARN_COMMA = YES;
				CLANG_WARN_CONSTANT_CONVERSION = YES;
				CLANG_WARN_DEPRECATED_OBJC_IMPLEMENTATIONS = YES;
				CLANG_WARN_DIRECT_OBJC_ISA_USAGE = YES_ERROR;
				CLANG_WARN_DOCUMENTATION_COMMENTS = YES;
				CLANG_WARN_EMPTY_BODY = YES;
				CLANG_WARN_ENUM_CONVERSION = YES;
				CLANG_WARN_INFINITE_RECURSION = YES;
				CLANG_WARN_INT_CONVERSION = YES;
				CLANG_WARN_NON_LITERAL_NULL_CONVERSION = YES;
				CLANG_WARN_OBJC_IMPLICIT_RETAIN_SELF = YES;
				CLANG_WARN_OBJC_LITERAL_CONVERSION = YES;
				CLANG_WARN_OBJC_ROOT_CLASS = YES_ERROR;
				CLANG_WARN_QUOTED_INCLUDE_IN_FRAMEWORK_HEADER = YES;
				CLANG_WARN_RANGE_LOOP_ANALYSIS = YES;
				CLANG_WARN_STRICT_PROTOTYPES = YES;
				CLANG_WARN_SUSPICIOUS_MOVE = YES;
				CLANG_WARN_UNGUARDED_AVAILABILITY = YES_AGGRESSIVE;
				CLANG_WARN_UNREACHABLE_CODE = YES;
				CLANG_WARN__DUPLICATE_METHOD_MATCH = YES;
				COPY_PHASE_STRIP = NO;
				DEBUG_INFORMATION_FORMAT = "dwarf-with-dsym";
				ENABLE_NS_ASSERTIONS = NO;
				ENABLE_STRICT_OBJC_MSGSEND = YES;
				GCC_C_LANGUAGE_STANDARD = gnu11;
				GCC_NO_COMMON_BLOCKS = YES;
				GCC_WARN_64_TO_32_BIT_CONVERSION = YES;
				GCC_WARN_ABOUT_RETURN_TYPE = YES_ERROR;
				GCC_WARN_UNDECLARED_SELECTOR = YES;
				GCC_WARN_UNINITIALIZED_AUTOS = YES_AGGRESSIVE;
				GCC_WARN_UNUSED_FUNCTION = YES;
				GCC_WARN_UNUSED_VARIABLE = YES;
				MACOSX_DEPLOYMENT_TARGET = 10.15;
				MTL_ENABLE_DEBUG_INFO = NO;
				MTL_FAST_MATH = YES;
				SDKROOT = macosx;
			};
			name = Release;
		};
		8D4540E826357D0800C6CE36 /* Debug */ = {
			isa = XCBuildConfiguration;
			buildSettings = {
				CLANG_CXX_LANGUAGE_STANDARD = "c++17";
				CODE_SIGN_STYLE = Automatic;
				PRODUCT_NAME = "$(TARGET_NAME)";
			};
			name = Debug;
		};
		8D4540E926357D0800C6CE36 /* Release */ = {
			isa = XCBuildConfiguration;
			buildSettings = {
				CLANG_CXX_LANGUAGE_STANDARD = "c++17";
				CODE_SIGN_STYLE = Automatic;
				PRODUCT_NAME = "$(TARGET_NAME)";
			};
			name = Release;
		};
/* End XCBuildConfiguration section */

/* Begin XCConfigurationList section */
		8D4540DB26357D0800C6CE36 /* Build configuration list for PBXProject "MoonUI" */ = {
			isa = XCConfigurationList;
			buildConfigurations = (
				8D4540E526357D0800C6CE36 /* Debug */,
				8D4540E626357D0800C6CE36 /* Release */,
			);
			defaultConfigurationIsVisible = 0;
			defaultConfigurationName = Release;
		};
		8D4540E726357D0800C6CE36 /* Build configuration list for PBXNativeTarget "MoonUI" */ = {
			isa = XCConfigurationList;
			buildConfigurations = (
				8D4540E826357D0800C6CE36 /* Debug */,
				8D4540E926357D0800C6CE36 /* Release */,
			);
			defaultConfigurationIsVisible = 0;
			defaultConfigurationName = Release;
		};
/* End XCConfigurationList section */
	};
	rootObject = 8D4540D826357D0800C6CE36 /* Project object */;
}
